
Microsoft Visual Studio Solution File, Format Version 12.00
# Visual Studio Version 17
VisualStudioVersion = 17.9.34518.117
MinimumVisualStudioVersion = 10.0.40219.1
Project("{FAE04EC0-301F-11D3-BF4B-00C04F79EFBC}") = "Clase - Laboratorio - 25-05-2024", "Clase - Laboratorio - 25-05-2024.csproj", "{162DE554-4A79-40E7-8D08-7543FD9BCBC5}"
EndProject
Global
	GlobalSection(SolutionConfigurationPlatforms) = preSolution
		Debug|Any CPU = Debug|Any CPU
		Release|Any CPU = Release|Any CPU
	EndGlobalSection
	GlobalSection(ProjectConfigurationPlatforms) = postSolution
		{162DE554-4A79-40E7-8D08-7543FD9BCBC5}.Debug|Any CPU.ActiveCfg = Debug|Any CPU
		{162DE554-4A79-40E7-8D08-7543FD9BCBC5}.Debug|Any CPU.Build.0 = Debug|Any CPU
		{162DE554-4A79-40E7-8D08-7543FD9BCBC5}.Release|Any CPU.ActiveCfg = Release|Any CPU
		{162DE554-4A79-40E7-8D08-7543FD9BCBC5}.Release|Any CPU.Build.0 = Release|Any CPU
	EndGlobalSection
	GlobalSection(SolutionProperties) = preSolution
		HideSolutionNode = FALSE
	EndGlobalSection
	GlobalSection(ExtensibilityGlobals) = postSolution
		SolutionGuid = {1EA5B56C-6E4C-4F2E-A118-13D5A67EC995}
	EndGlobalSection
EndGlobal
